
Microsoft Visual Studio Solution File, Format Version 12.00
# Visual Studio 15
VisualStudioVersion = 15.0.28307.421
MinimumVisualStudioVersion = 10.0.40219.1
Project("{FAE04EC0-301F-11D3-BF4B-00C04F79EFBC}") = "Lab_02", "Lab_02\Lab_02.csproj", "{A6ACFB3A-7B72-4AF2-B32C-FC93EBADB3C6}"
EndProject
Global
	GlobalSection(SolutionConfigurationPlatforms) = preSolution
		Debug|Any CPU = Debug|Any CPU
		Release|Any CPU = Release|Any CPU
	EndGlobalSection
	GlobalSection(ProjectConfigurationPlatforms) = postSolution
		{A6ACFB3A-7B72-4AF2-B32C-FC93EBADB3C6}.Debug|Any CPU.ActiveCfg = Debug|Any CPU
		{A6ACFB3A-7B72-4AF2-B32C-FC93EBADB3C6}.Debug|Any CPU.Build.0 = Debug|Any CPU
		{A6ACFB3A-7B72-4AF2-B32C-FC93EBADB3C6}.Release|Any CPU.ActiveCfg = Release|Any CPU
		{A6ACFB3A-7B72-4AF2-B32C-FC93EBADB3C6}.Release|Any CPU.Build.0 = Release|Any CPU
	EndGlobalSection
	GlobalSection(SolutionProperties) = preSolution
		HideSolutionNode = FALSE
	EndGlobalSection
	GlobalSection(ExtensibilityGlobals) = postSolution
		SolutionGuid = {D93CCF13-6F0A-4C99-BB25-86E334914547}
	EndGlobalSection
EndGlobal
